<Solution>
  <Configurations>
    <Platform Name="Any CPU" />
    <Platform Name="x64" />
  </Configurations>
  <Project Path="LOL-GameApi/LOL-GameApi.csproj">
    <Platform Solution="*|x64" Project="x64" />
  </Project>
  <Project Path="LOL-GameAssistant/LOL-GameGUI.csproj">
    <Platform Solution="*|x64" Project="x64" />
  </Project>
  <Project Path="LOL-GameAssistant.Tests/LOL-GameAssistant.Tests.csproj" />
  <Project Path="LOL-GameApi.Tests/LOL-GameApi.Tests.csproj" />
</Solution>
